
Microsoft Visual Studio Solution File, Format Version 12.00
# Visual Studio Version 17
VisualStudioVersion = 17.8.34316.72
MinimumVisualStudioVersion = 10.0.40219.1
Project("{FAE04EC0-301F-11D3-BF4B-00C04F79EFBC}") = "HtmxPartial", "HtmxPartial\HtmxPartial.csproj", "{BB98F755-E415-4A09-B5D3-2580E8B7E982}"
EndProject
Global
	GlobalSection(SolutionConfigurationPlatforms) = preSolution
		Debug|Any CPU = Debug|Any CPU
		Release|Any CPU = Release|Any CPU
	EndGlobalSection
	GlobalSection(ProjectConfigurationPlatforms) = postSolution
		{BB98F755-E415-4A09-B5D3-2580E8B7E982}.Debug|Any CPU.ActiveCfg = Debug|Any CPU
		{BB98F755-E415-4A09-B5D3-2580E8B7E982}.Debug|Any CPU.Build.0 = Debug|Any CPU
		{BB98F755-E415-4A09-B5D3-2580E8B7E982}.Release|Any CPU.ActiveCfg = Release|Any CPU
		{BB98F755-E415-4A09-B5D3-2580E8B7E982}.Release|Any CPU.Build.0 = Release|Any CPU
	EndGlobalSection
	GlobalSection(SolutionProperties) = preSolution
		HideSolutionNode = FALSE
	EndGlobalSection
	GlobalSection(ExtensibilityGlobals) = postSolution
		SolutionGuid = {DCF710E5-72E7-4F8D-BEBF-F00E8CF9C7C7}
	EndGlobalSection
EndGlobal
